
Microsoft Visual Studio Solution File, Format Version 12.00
# Visual Studio Version 16
VisualStudioVersion = 16.0.30907.101
MinimumVisualStudioVersion = 10.0.40219.1
Project("{9A19103F-16F7-4668-BE54-9A1E7A4F7556}") = "APBDcw3", "APBDcw3\APBDcw3.csproj", "{D435114B-60AF-46FB-8E4A-B0BAAC8E73CE}"
EndProject
Global
	GlobalSection(SolutionConfigurationPlatforms) = preSolution
		Debug|Any CPU = Debug|Any CPU
		Release|Any CPU = Release|Any CPU
	EndGlobalSection
	GlobalSection(ProjectConfigurationPlatforms) = postSolution
		{D435114B-60AF-46FB-8E4A-B0BAAC8E73CE}.Debug|Any CPU.ActiveCfg = Debug|Any CPU
		{D435114B-60AF-46FB-8E4A-B0BAAC8E73CE}.Debug|Any CPU.Build.0 = Debug|Any CPU
		{D435114B-60AF-46FB-8E4A-B0BAAC8E73CE}.Release|Any CPU.ActiveCfg = Release|Any CPU
		{D435114B-60AF-46FB-8E4A-B0BAAC8E73CE}.Release|Any CPU.Build.0 = Release|Any CPU
	EndGlobalSection
	GlobalSection(SolutionProperties) = preSolution
		HideSolutionNode = FALSE
	EndGlobalSection
	GlobalSection(ExtensibilityGlobals) = postSolution
		SolutionGuid = {DC24ECD5-6B8B-434C-8A2A-39064E71E8BF}
	EndGlobalSection
EndGlobal
